
Microsoft Visual Studio Solution File, Format Version 12.00
# Visual Studio 15
VisualStudioVersion = 15.0.26228.9
MinimumVisualStudioVersion = 10.0.40219.1
Project("{9A19103F-16F7-4668-BE54-9A1E7A4F7556}") = "NodaTime.Serialization.Test", "NodaTime.Serialization.Test\NodaTime.Serialization.Test.csproj", "{07063FD8-A2C2-43FB-A52C-093F4FB3F483}"
EndProject
Project("{9A19103F-16F7-4668-BE54-9A1E7A4F7556}") = "NodaTime.Serialization.JsonNet", "NodaTime.Serialization.JsonNet\NodaTime.Serialization.JsonNet.csproj", "{40445ECC-0F53-4ED2-A764-C6F81410DF73}"
EndProject
Global
	GlobalSection(SolutionConfigurationPlatforms) = preSolution
		Debug|Any CPU = Debug|Any CPU
		Release|Any CPU = Release|Any CPU
	EndGlobalSection
	GlobalSection(ProjectConfigurationPlatforms) = postSolution
		{07063FD8-A2C2-43FB-A52C-093F4FB3F483}.Debug|Any CPU.ActiveCfg = Debug|Any CPU
		{07063FD8-A2C2-43FB-A52C-093F4FB3F483}.Debug|Any CPU.Build.0 = Debug|Any CPU
		{07063FD8-A2C2-43FB-A52C-093F4FB3F483}.Release|Any CPU.ActiveCfg = Release|Any CPU
		{07063FD8-A2C2-43FB-A52C-093F4FB3F483}.Release|Any CPU.Build.0 = Release|Any CPU
		{40445ECC-0F53-4ED2-A764-C6F81410DF73}.Debug|Any CPU.ActiveCfg = Debug|Any CPU
		{40445ECC-0F53-4ED2-A764-C6F81410DF73}.Debug|Any CPU.Build.0 = Debug|Any CPU
		{40445ECC-0F53-4ED2-A764-C6F81410DF73}.Release|Any CPU.ActiveCfg = Release|Any CPU
		{40445ECC-0F53-4ED2-A764-C6F81410DF73}.Release|Any CPU.Build.0 = Release|Any CPU
	EndGlobalSection
	GlobalSection(SolutionProperties) = preSolution
		HideSolutionNode = FALSE
	EndGlobalSection
EndGlobal
