
Microsoft Visual Studio Solution File, Format Version 12.00
# Visual Studio Version 16
VisualStudioVersion = 16.0.29411.108
MinimumVisualStudioVersion = 10.0.40219.1
Project("{9A19103F-16F7-4668-BE54-9A1E7A4F7556}") = "NodaTime.Serialization.Test", "NodaTime.Serialization.Test\NodaTime.Serialization.Test.csproj", "{07063FD8-A2C2-43FB-A52C-093F4FB3F483}"
EndProject
Project("{9A19103F-16F7-4668-BE54-9A1E7A4F7556}") = "NodaTime.Serialization.JsonNet", "NodaTime.Serialization.JsonNet\NodaTime.Serialization.JsonNet.csproj", "{40445ECC-0F53-4ED2-A764-C6F81410DF73}"
EndProject
Project("{9A19103F-16F7-4668-BE54-9A1E7A4F7556}") = "NodaTime.Serialization.Benchmarks", "NodaTime.Serialization.Benchmarks\NodaTime.Serialization.Benchmarks.csproj", "{7E96596E-800E-4F71-9304-F1D0F6B9937B}"
EndProject
Project("{9A19103F-16F7-4668-BE54-9A1E7A4F7556}") = "NodaTime.Serialization.Protobuf", "NodaTime.Serialization.Protobuf\NodaTime.Serialization.Protobuf.csproj", "{7F18FFC3-BF5A-46E5-B471-94D3F53C47AC}"
EndProject
Project("{9A19103F-16F7-4668-BE54-9A1E7A4F7556}") = "NodaTime.Serialization.SystemTextJson", "NodaTime.Serialization.SystemTextJson\NodaTime.Serialization.SystemTextJson.csproj", "{3B4A09D5-F07E-435C-8546-F54509C1DC7A}"
EndProject
Project("{2150E333-8FDC-42A3-9474-1A3956D46DE8}") = "MSBuild", "MSBuild", "{097D409B-EA16-4053-A8D4-9357ABB62419}"
	ProjectSection(SolutionItems) = preProject
		..\Directory.Build.props = ..\Directory.Build.props
		..\Directory.Build.targets = ..\Directory.Build.targets
	EndProjectSection
EndProject
Project("{FAE04EC0-301F-11D3-BF4B-00C04F79EFBC}") = "NodaTime.Serialization.ProtobufNet", "NodaTime.Serialization.ProtobufNet\NodaTime.Serialization.ProtobufNet.csproj", "{DFD32DEF-47CE-4603-940F-56C756B013B6}"
EndProject
Global
	GlobalSection(SolutionConfigurationPlatforms) = preSolution
		Debug|Any CPU = Debug|Any CPU
		Debug|x64 = Debug|x64
		Debug|x86 = Debug|x86
		Release|Any CPU = Release|Any CPU
		Release|x64 = Release|x64
		Release|x86 = Release|x86
	EndGlobalSection
	GlobalSection(ProjectConfigurationPlatforms) = postSolution
		{07063FD8-A2C2-43FB-A52C-093F4FB3F483}.Debug|Any CPU.ActiveCfg = Debug|Any CPU
		{07063FD8-A2C2-43FB-A52C-093F4FB3F483}.Debug|Any CPU.Build.0 = Debug|Any CPU
		{07063FD8-A2C2-43FB-A52C-093F4FB3F483}.Debug|x64.ActiveCfg = Debug|Any CPU
		{07063FD8-A2C2-43FB-A52C-093F4FB3F483}.Debug|x64.Build.0 = Debug|Any CPU
		{07063FD8-A2C2-43FB-A52C-093F4FB3F483}.Debug|x86.ActiveCfg = Debug|Any CPU
		{07063FD8-A2C2-43FB-A52C-093F4FB3F483}.Debug|x86.Build.0 = Debug|Any CPU
		{07063FD8-A2C2-43FB-A52C-093F4FB3F483}.Release|Any CPU.ActiveCfg = Release|Any CPU
		{07063FD8-A2C2-43FB-A52C-093F4FB3F483}.Release|Any CPU.Build.0 = Release|Any CPU
		{07063FD8-A2C2-43FB-A52C-093F4FB3F483}.Release|x64.ActiveCfg = Release|Any CPU
		{07063FD8-A2C2-43FB-A52C-093F4FB3F483}.Release|x64.Build.0 = Release|Any CPU
		{07063FD8-A2C2-43FB-A52C-093F4FB3F483}.Release|x86.ActiveCfg = Release|Any CPU
		{07063FD8-A2C2-43FB-A52C-093F4FB3F483}.Release|x86.Build.0 = Release|Any CPU
		{40445ECC-0F53-4ED2-A764-C6F81410DF73}.Debug|Any CPU.ActiveCfg = Debug|Any CPU
		{40445ECC-0F53-4ED2-A764-C6F81410DF73}.Debug|Any CPU.Build.0 = Debug|Any CPU
		{40445ECC-0F53-4ED2-A764-C6F81410DF73}.Debug|x64.ActiveCfg = Debug|Any CPU
		{40445ECC-0F53-4ED2-A764-C6F81410DF73}.Debug|x64.Build.0 = Debug|Any CPU
		{40445ECC-0F53-4ED2-A764-C6F81410DF73}.Debug|x86.ActiveCfg = Debug|Any CPU
		{40445ECC-0F53-4ED2-A764-C6F81410DF73}.Debug|x86.Build.0 = Debug|Any CPU
		{40445ECC-0F53-4ED2-A764-C6F81410DF73}.Release|Any CPU.ActiveCfg = Release|Any CPU
		{40445ECC-0F53-4ED2-A764-C6F81410DF73}.Release|Any CPU.Build.0 = Release|Any CPU
		{40445ECC-0F53-4ED2-A764-C6F81410DF73}.Release|x64.ActiveCfg = Release|Any CPU
		{40445ECC-0F53-4ED2-A764-C6F81410DF73}.Release|x64.Build.0 = Release|Any CPU
		{40445ECC-0F53-4ED2-A764-C6F81410DF73}.Release|x86.ActiveCfg = Release|Any CPU
		{40445ECC-0F53-4ED2-A764-C6F81410DF73}.Release|x86.Build.0 = Release|Any CPU
		{7E96596E-800E-4F71-9304-F1D0F6B9937B}.Debug|Any CPU.ActiveCfg = Debug|Any CPU
		{7E96596E-800E-4F71-9304-F1D0F6B9937B}.Debug|Any CPU.Build.0 = Debug|Any CPU
		{7E96596E-800E-4F71-9304-F1D0F6B9937B}.Debug|x64.ActiveCfg = Debug|Any CPU
		{7E96596E-800E-4F71-9304-F1D0F6B9937B}.Debug|x64.Build.0 = Debug|Any CPU
		{7E96596E-800E-4F71-9304-F1D0F6B9937B}.Debug|x86.ActiveCfg = Debug|Any CPU
		{7E96596E-800E-4F71-9304-F1D0F6B9937B}.Debug|x86.Build.0 = Debug|Any CPU
		{7E96596E-800E-4F71-9304-F1D0F6B9937B}.Release|Any CPU.ActiveCfg = Release|Any CPU
		{7E96596E-800E-4F71-9304-F1D0F6B9937B}.Release|Any CPU.Build.0 = Release|Any CPU
		{7E96596E-800E-4F71-9304-F1D0F6B9937B}.Release|x64.ActiveCfg = Release|Any CPU
		{7E96596E-800E-4F71-9304-F1D0F6B9937B}.Release|x64.Build.0 = Release|Any CPU
		{7E96596E-800E-4F71-9304-F1D0F6B9937B}.Release|x86.ActiveCfg = Release|Any CPU
		{7E96596E-800E-4F71-9304-F1D0F6B9937B}.Release|x86.Build.0 = Release|Any CPU
		{7F18FFC3-BF5A-46E5-B471-94D3F53C47AC}.Debug|Any CPU.ActiveCfg = Debug|Any CPU
		{7F18FFC3-BF5A-46E5-B471-94D3F53C47AC}.Debug|Any CPU.Build.0 = Debug|Any CPU
		{7F18FFC3-BF5A-46E5-B471-94D3F53C47AC}.Debug|x64.ActiveCfg = Debug|Any CPU
		{7F18FFC3-BF5A-46E5-B471-94D3F53C47AC}.Debug|x64.Build.0 = Debug|Any CPU
		{7F18FFC3-BF5A-46E5-B471-94D3F53C47AC}.Debug|x86.ActiveCfg = Debug|Any CPU
		{7F18FFC3-BF5A-46E5-B471-94D3F53C47AC}.Debug|x86.Build.0 = Debug|Any CPU
		{7F18FFC3-BF5A-46E5-B471-94D3F53C47AC}.Release|Any CPU.ActiveCfg = Release|Any CPU
		{7F18FFC3-BF5A-46E5-B471-94D3F53C47AC}.Release|Any CPU.Build.0 = Release|Any CPU
		{7F18FFC3-BF5A-46E5-B471-94D3F53C47AC}.Release|x64.ActiveCfg = Release|Any CPU
		{7F18FFC3-BF5A-46E5-B471-94D3F53C47AC}.Release|x64.Build.0 = Release|Any CPU
		{7F18FFC3-BF5A-46E5-B471-94D3F53C47AC}.Release|x86.ActiveCfg = Release|Any CPU
		{7F18FFC3-BF5A-46E5-B471-94D3F53C47AC}.Release|x86.Build.0 = Release|Any CPU
		{3B4A09D5-F07E-435C-8546-F54509C1DC7A}.Debug|Any CPU.ActiveCfg = Debug|Any CPU
		{3B4A09D5-F07E-435C-8546-F54509C1DC7A}.Debug|Any CPU.Build.0 = Debug|Any CPU
		{3B4A09D5-F07E-435C-8546-F54509C1DC7A}.Debug|x64.ActiveCfg = Debug|Any CPU
		{3B4A09D5-F07E-435C-8546-F54509C1DC7A}.Debug|x64.Build.0 = Debug|Any CPU
		{3B4A09D5-F07E-435C-8546-F54509C1DC7A}.Debug|x86.ActiveCfg = Debug|Any CPU
		{3B4A09D5-F07E-435C-8546-F54509C1DC7A}.Debug|x86.Build.0 = Debug|Any CPU
		{3B4A09D5-F07E-435C-8546-F54509C1DC7A}.Release|Any CPU.ActiveCfg = Release|Any CPU
		{3B4A09D5-F07E-435C-8546-F54509C1DC7A}.Release|Any CPU.Build.0 = Release|Any CPU
		{3B4A09D5-F07E-435C-8546-F54509C1DC7A}.Release|x64.ActiveCfg = Release|Any CPU
		{3B4A09D5-F07E-435C-8546-F54509C1DC7A}.Release|x64.Build.0 = Release|Any CPU
		{3B4A09D5-F07E-435C-8546-F54509C1DC7A}.Release|x86.ActiveCfg = Release|Any CPU
		{3B4A09D5-F07E-435C-8546-F54509C1DC7A}.Release|x86.Build.0 = Release|Any CPU
		{DFD32DEF-47CE-4603-940F-56C756B013B6}.Debug|Any CPU.ActiveCfg = Debug|Any CPU
		{DFD32DEF-47CE-4603-940F-56C756B013B6}.Debug|Any CPU.Build.0 = Debug|Any CPU
		{DFD32DEF-47CE-4603-940F-56C756B013B6}.Debug|x64.ActiveCfg = Debug|Any CPU
		{DFD32DEF-47CE-4603-940F-56C756B013B6}.Debug|x64.Build.0 = Debug|Any CPU
		{DFD32DEF-47CE-4603-940F-56C756B013B6}.Debug|x86.ActiveCfg = Debug|Any CPU
		{DFD32DEF-47CE-4603-940F-56C756B013B6}.Debug|x86.Build.0 = Debug|Any CPU
		{DFD32DEF-47CE-4603-940F-56C756B013B6}.Release|Any CPU.ActiveCfg = Release|Any CPU
		{DFD32DEF-47CE-4603-940F-56C756B013B6}.Release|Any CPU.Build.0 = Release|Any CPU
		{DFD32DEF-47CE-4603-940F-56C756B013B6}.Release|x64.ActiveCfg = Release|Any CPU
		{DFD32DEF-47CE-4603-940F-56C756B013B6}.Release|x64.Build.0 = Release|Any CPU
		{DFD32DEF-47CE-4603-940F-56C756B013B6}.Release|x86.ActiveCfg = Release|Any CPU
		{DFD32DEF-47CE-4603-940F-56C756B013B6}.Release|x86.Build.0 = Release|Any CPU
	EndGlobalSection
	GlobalSection(SolutionProperties) = preSolution
		HideSolutionNode = FALSE
	EndGlobalSection
	GlobalSection(ExtensibilityGlobals) = postSolution
		SolutionGuid = {104569C5-D180-4FB1-885F-DE4D2CBC12D6}
	EndGlobalSection
EndGlobal
